
Microsoft Visual Studio Solution File, Format Version 12.00
# Visual Studio Version 17
VisualStudioVersion = 17.0.31903.59
MinimumVisualStudioVersion = 10.0.40219.1
Project("{2150E333-8FDC-42A3-9474-1A3956D46DE8}") = "tests", "tests", "{E1E378AA-BB15-421E-923C-D7C2038D90EA}"
EndProject
Project("{2150E333-8FDC-42A3-9474-1A3956D46DE8}") = "src", "src", "{150F5741-3B26-46E1-B05A-23C2FBF461E4}"
EndProject
Project("{FAE04EC0-301F-11D3-BF4B-00C04F79EFBC}") = "Ewallet.Web", "src\Ewallet.Web\Ewallet.Web.csproj", "{351CFE18-E261-4A9E-931B-59A06DC022EC}"
EndProject
Project("{FAE04EC0-301F-11D3-BF4B-00C04F79EFBC}") = "Ewallet.Core", "src\Ewallet.Core\Ewallet.Core.csproj", "{A160AF5D-2153-4B3B-820B-488F7F8DFB1E}"
EndProject
Project("{FAE04EC0-301F-11D3-BF4B-00C04F79EFBC}") = "Ewallet.Endpoints", "src\Ewallet.Endpoints\Ewallet.Endpoints.csproj", "{5FD35604-9B96-4995-B168-BA102D728D14}"
EndProject
Project("{2150E333-8FDC-42A3-9474-1A3956D46DE8}") = "Solution Items", "Solution Items", "{62F702F4-08C7-4484-838E-A7D41A1E7C0B}"
	ProjectSection(SolutionItems) = preProject
		Directory.Build.props = Directory.Build.props
		Directory.Packages.props = Directory.Packages.props
	EndProjectSection
EndProject
Global
	GlobalSection(SolutionConfigurationPlatforms) = preSolution
		Debug|Any CPU = Debug|Any CPU
		Release|Any CPU = Release|Any CPU
	EndGlobalSection
	GlobalSection(ProjectConfigurationPlatforms) = postSolution
		{351CFE18-E261-4A9E-931B-59A06DC022EC}.Debug|Any CPU.ActiveCfg = Debug|Any CPU
		{351CFE18-E261-4A9E-931B-59A06DC022EC}.Debug|Any CPU.Build.0 = Debug|Any CPU
		{351CFE18-E261-4A9E-931B-59A06DC022EC}.Release|Any CPU.ActiveCfg = Release|Any CPU
		{351CFE18-E261-4A9E-931B-59A06DC022EC}.Release|Any CPU.Build.0 = Release|Any CPU
		{A160AF5D-2153-4B3B-820B-488F7F8DFB1E}.Debug|Any CPU.ActiveCfg = Debug|Any CPU
		{A160AF5D-2153-4B3B-820B-488F7F8DFB1E}.Debug|Any CPU.Build.0 = Debug|Any CPU
		{A160AF5D-2153-4B3B-820B-488F7F8DFB1E}.Release|Any CPU.ActiveCfg = Release|Any CPU
		{A160AF5D-2153-4B3B-820B-488F7F8DFB1E}.Release|Any CPU.Build.0 = Release|Any CPU
		{5FD35604-9B96-4995-B168-BA102D728D14}.Debug|Any CPU.ActiveCfg = Debug|Any CPU
		{5FD35604-9B96-4995-B168-BA102D728D14}.Debug|Any CPU.Build.0 = Debug|Any CPU
		{5FD35604-9B96-4995-B168-BA102D728D14}.Release|Any CPU.ActiveCfg = Release|Any CPU
		{5FD35604-9B96-4995-B168-BA102D728D14}.Release|Any CPU.Build.0 = Release|Any CPU
	EndGlobalSection
	GlobalSection(SolutionProperties) = preSolution
		HideSolutionNode = FALSE
	EndGlobalSection
	GlobalSection(NestedProjects) = preSolution
		{351CFE18-E261-4A9E-931B-59A06DC022EC} = {150F5741-3B26-46E1-B05A-23C2FBF461E4}
		{A160AF5D-2153-4B3B-820B-488F7F8DFB1E} = {150F5741-3B26-46E1-B05A-23C2FBF461E4}
		{5FD35604-9B96-4995-B168-BA102D728D14} = {150F5741-3B26-46E1-B05A-23C2FBF461E4}
	EndGlobalSection
EndGlobal
